
Microsoft Visual Studio Solution File, Format Version 12.00
# Visual Studio 2012
Project("{FAE04EC0-301F-11D3-BF4B-00C04F79EFBC}") = "Model", "Model\Model.csproj", "{76F1F77C-B7F7-4FBA-8E56-E7AD0E931DCE}"
EndProject
Project("{FAE04EC0-301F-11D3-BF4B-00C04F79EFBC}") = "API", "API\API.csproj", "{A94F6393-0309-45BA-A70A-3FAC32233E18}"
EndProject
Global
	GlobalSection(SolutionConfigurationPlatforms) = preSolution
		Debug|Any CPU = Debug|Any CPU
		Release|Any CPU = Release|Any CPU
	EndGlobalSection
	GlobalSection(ProjectConfigurationPlatforms) = postSolution
		{76F1F77C-B7F7-4FBA-8E56-E7AD0E931DCE}.Debug|Any CPU.ActiveCfg = Debug|Any CPU
		{76F1F77C-B7F7-4FBA-8E56-E7AD0E931DCE}.Debug|Any CPU.Build.0 = Debug|Any CPU
		{76F1F77C-B7F7-4FBA-8E56-E7AD0E931DCE}.Release|Any CPU.ActiveCfg = Release|Any CPU
		{76F1F77C-B7F7-4FBA-8E56-E7AD0E931DCE}.Release|Any CPU.Build.0 = Release|Any CPU
		{A94F6393-0309-45BA-A70A-3FAC32233E18}.Debug|Any CPU.ActiveCfg = Debug|Any CPU
		{A94F6393-0309-45BA-A70A-3FAC32233E18}.Debug|Any CPU.Build.0 = Debug|Any CPU
		{A94F6393-0309-45BA-A70A-3FAC32233E18}.Release|Any CPU.ActiveCfg = Release|Any CPU
		{A94F6393-0309-45BA-A70A-3FAC32233E18}.Release|Any CPU.Build.0 = Release|Any CPU
	EndGlobalSection
EndGlobal
