
Microsoft Visual Studio Solution File, Format Version 12.00
# Visual Studio 2012
Project("{FAE04EC0-301F-11D3-BF4B-00C04F79EFBC}") = "BankDAL", "BankDAL\BankDAL.csproj", "{6EFD8159-4EB8-4DF6-83E5-3300833FE8B7}"
EndProject
Project("{FAE04EC0-301F-11D3-BF4B-00C04F79EFBC}") = "BankDAL.Tests", "BankDAL.Tests\BankDAL.Tests.csproj", "{3FAFB89F-A5CB-4DAA-B375-B9501B749539}"
EndProject
Global
	GlobalSection(SolutionConfigurationPlatforms) = preSolution
		Debug|Any CPU = Debug|Any CPU
		Release|Any CPU = Release|Any CPU
	EndGlobalSection
	GlobalSection(ProjectConfigurationPlatforms) = postSolution
		{6EFD8159-4EB8-4DF6-83E5-3300833FE8B7}.Debug|Any CPU.ActiveCfg = Debug|Any CPU
		{6EFD8159-4EB8-4DF6-83E5-3300833FE8B7}.Debug|Any CPU.Build.0 = Debug|Any CPU
		{6EFD8159-4EB8-4DF6-83E5-3300833FE8B7}.Release|Any CPU.ActiveCfg = Release|Any CPU
		{6EFD8159-4EB8-4DF6-83E5-3300833FE8B7}.Release|Any CPU.Build.0 = Release|Any CPU
		{3FAFB89F-A5CB-4DAA-B375-B9501B749539}.Debug|Any CPU.ActiveCfg = Debug|Any CPU
		{3FAFB89F-A5CB-4DAA-B375-B9501B749539}.Debug|Any CPU.Build.0 = Debug|Any CPU
		{3FAFB89F-A5CB-4DAA-B375-B9501B749539}.Release|Any CPU.ActiveCfg = Release|Any CPU
		{3FAFB89F-A5CB-4DAA-B375-B9501B749539}.Release|Any CPU.Build.0 = Release|Any CPU
	EndGlobalSection
EndGlobal
